
Microsoft Visual Studio Solution File, Format Version 12.00
# Visual Studio Version 17
VisualStudioVersion = 17.4.33213.308
MinimumVisualStudioVersion = 10.0.40219.1
Project("{FAE04EC0-301F-11D3-BF4B-00C04F79EFBC}") = "Kitchen Routing System", "Kitchen Routing System\Kitchen Routing System.csproj", "{8984E4ED-FE09-44B2-ABBD-ADA7C8B45DBC}"
EndProject
Global
	GlobalSection(SolutionConfigurationPlatforms) = preSolution
		Debug|Any CPU = Debug|Any CPU
		Release|Any CPU = Release|Any CPU
	EndGlobalSection
	GlobalSection(ProjectConfigurationPlatforms) = postSolution
		{8984E4ED-FE09-44B2-ABBD-ADA7C8B45DBC}.Debug|Any CPU.ActiveCfg = Debug|Any CPU
		{8984E4ED-FE09-44B2-ABBD-ADA7C8B45DBC}.Debug|Any CPU.Build.0 = Debug|Any CPU
		{8984E4ED-FE09-44B2-ABBD-ADA7C8B45DBC}.Release|Any CPU.ActiveCfg = Release|Any CPU
		{8984E4ED-FE09-44B2-ABBD-ADA7C8B45DBC}.Release|Any CPU.Build.0 = Release|Any CPU
	EndGlobalSection
	GlobalSection(SolutionProperties) = preSolution
		HideSolutionNode = FALSE
	EndGlobalSection
	GlobalSection(ExtensibilityGlobals) = postSolution
		SolutionGuid = {07D71E33-89A0-4D5E-8453-59587AA86F43}
	EndGlobalSection
EndGlobal
